// !$*UTF8*$!
{
	archiveVersion = 1;
	classes = {
	};
	objectVersion = 46;
	objects = {

/* Begin PBXBuildFile section */
		B516F3251BDD880D00A3BD42 /* UserGraph.cpp in Sources */ = {isa = PBXBuildFile; fileRef = B579CB3F1BDB26210003210B /* UserGraph.cpp */; };
		B51AA95C1BDDA2B00048606A /* testInfection.cpp in Sources */ = {isa = PBXBuildFile; fileRef = B51AA95B1BDDA2B00048606A /* testInfection.cpp */; settings = {ASSET_TAGS = (); }; };
		B579CB411BDB26210003210B /* UserGraph.cpp in Sources */ = {isa = PBXBuildFile; fileRef = B579CB3F1BDB26210003210B /* UserGraph.cpp */; settings = {ASSET_TAGS = (); }; };
		B579CB4F1BDC37F80003210B /* main.cpp in Sources */ = {isa = PBXBuildFile; fileRef = B579CB4E1BDC37F80003210B /* main.cpp */; };
		B579CB541BDC3AE40003210B /* testUserGraph.cpp in Sources */ = {isa = PBXBuildFile; fileRef = B579CB531BDC3AE40003210B /* testUserGraph.cpp */; settings = {ASSET_TAGS = (); }; };
		B579CB571BDC3B3B0003210B /* testKVector.cpp in Sources */ = {isa = PBXBuildFile; fileRef = B579CB561BDC3B3B0003210B /* testKVector.cpp */; settings = {ASSET_TAGS = (); }; };
		B58B73141BDB226A00F2B4BE /* main.cpp in Sources */ = {isa = PBXBuildFile; fileRef = B58B73131BDB226A00F2B4BE /* main.cpp */; };
		B58B731C1BDB228E00F2B4BE /* Infection.cpp in Sources */ = {isa = PBXBuildFile; fileRef = B58B731A1BDB228E00F2B4BE /* Infection.cpp */; settings = {ASSET_TAGS = (); }; };
/* End PBXBuildFile section */

/* Begin PBXContainerItemProxy section */
		B579CB581BDC40E10003210B /* PBXContainerItemProxy */ = {
			isa = PBXContainerItemProxy;
			containerPortal = B58B73081BDB226A00F2B4BE /* Project object */;
			proxyType = 1;
			remoteGlobalIDString = B58B730F1BDB226A00F2B4BE;
			remoteInfo = Infection;
		};
/* End PBXContainerItemProxy section */

/* Begin PBXCopyFilesBuildPhase section */
		B579CB4A1BDC37F80003210B /* CopyFiles */ = {
			isa = PBXCopyFilesBuildPhase;
			buildActionMask = 2147483647;
			dstPath = /usr/share/man/man1/;
			dstSubfolderSpec = 0;
			files = (
			);
			runOnlyForDeploymentPostprocessing = 1;
		};
		B58B730E1BDB226A00F2B4BE /* CopyFiles */ = {
			isa = PBXCopyFilesBuildPhase;
			buildActionMask = 2147483647;
			dstPath = /usr/share/man/man1/;
			dstSubfolderSpec = 0;
			files = (
			);
			runOnlyForDeploymentPostprocessing = 1;
		};
/* End PBXCopyFilesBuildPhase section */

/* Begin PBXFileReference section */
		B516F3271BDD90F400A3BD42 /* UseBeforeInitialization.hpp */ = {isa = PBXFileReference; fileEncoding = 4; lastKnownFileType = sourcecode.cpp.h; path = UseBeforeInitialization.hpp; sourceTree = "<group>"; };
		B51AA95B1BDDA2B00048606A /* testInfection.cpp */ = {isa = PBXFileReference; fileEncoding = 4; lastKnownFileType = sourcecode.cpp.cpp; path = testInfection.cpp; sourceTree = "<group>"; };
		B579CB3F1BDB26210003210B /* UserGraph.cpp */ = {isa = PBXFileReference; fileEncoding = 4; lastKnownFileType = sourcecode.cpp.cpp; path = UserGraph.cpp; sourceTree = "<group>"; };
		B579CB401BDB26210003210B /* UserGraph.hpp */ = {isa = PBXFileReference; fileEncoding = 4; lastKnownFileType = sourcecode.cpp.h; path = UserGraph.hpp; sourceTree = "<group>"; };
		B579CB461BDBFAB10003210B /* KVector.hpp */ = {isa = PBXFileReference; fileEncoding = 4; lastKnownFileType = sourcecode.cpp.h; path = KVector.hpp; sourceTree = "<group>"; };
		B579CB4C1BDC37F80003210B /* Test */ = {isa = PBXFileReference; explicitFileType = "compiled.mach-o.executable"; includeInIndex = 0; path = Test; sourceTree = BUILT_PRODUCTS_DIR; };
		B579CB4E1BDC37F80003210B /* main.cpp */ = {isa = PBXFileReference; lastKnownFileType = sourcecode.cpp.cpp; path = main.cpp; sourceTree = "<group>"; };
		B579CB531BDC3AE40003210B /* testUserGraph.cpp */ = {isa = PBXFileReference; fileEncoding = 4; lastKnownFileType = sourcecode.cpp.cpp; path = testUserGraph.cpp; sourceTree = "<group>"; };
		B579CB551BDC3B080003210B /* catch.hpp */ = {isa = PBXFileReference; fileEncoding = 4; lastKnownFileType = sourcecode.cpp.h; path = catch.hpp; sourceTree = "<group>"; };
		B579CB561BDC3B3B0003210B /* testKVector.cpp */ = {isa = PBXFileReference; fileEncoding = 4; lastKnownFileType = sourcecode.cpp.cpp; path = testKVector.cpp; sourceTree = "<group>"; };
		B58B73101BDB226A00F2B4BE /* Infection */ = {isa = PBXFileReference; explicitFileType = "compiled.mach-o.executable"; includeInIndex = 0; path = Infection; sourceTree = BUILT_PRODUCTS_DIR; };
		B58B73131BDB226A00F2B4BE /* main.cpp */ = {isa = PBXFileReference; lastKnownFileType = sourcecode.cpp.cpp; path = main.cpp; sourceTree = "<group>"; };
		B58B731A1BDB228E00F2B4BE /* Infection.cpp */ = {isa = PBXFileReference; fileEncoding = 4; lastKnownFileType = sourcecode.cpp.cpp; path = Infection.cpp; sourceTree = "<group>"; };
		B58B731B1BDB228E00F2B4BE /* Infection.hpp */ = {isa = PBXFileReference; fileEncoding = 4; lastKnownFileType = sourcecode.cpp.h; path = Infection.hpp; sourceTree = "<group>"; };
/* End PBXFileReference section */

/* Begin PBXFrameworksBuildPhase section */
		B579CB491BDC37F80003210B /* Frameworks */ = {
			isa = PBXFrameworksBuildPhase;
			buildActionMask = 2147483647;
			files = (
			);
			runOnlyForDeploymentPostprocessing = 0;
		};
		B58B730D1BDB226A00F2B4BE /* Frameworks */ = {
			isa = PBXFrameworksBuildPhase;
			buildActionMask = 2147483647;
			files = (
			);
			runOnlyForDeploymentPostprocessing = 0;
		};
/* End PBXFrameworksBuildPhase section */

/* Begin PBXGroup section */
		B579CB441BDBF9BE0003210B /* Utils */ = {
			isa = PBXGroup;
			children = (
				B579CB461BDBFAB10003210B /* KVector.hpp */,
				B516F3271BDD90F400A3BD42 /* UseBeforeInitialization.hpp */,
			);
			name = Utils;
			sourceTree = "<group>";
		};
		B579CB4D1BDC37F80003210B /* Test */ = {
			isa = PBXGroup;
			children = (
				B579CB551BDC3B080003210B /* catch.hpp */,
				B579CB4E1BDC37F80003210B /* main.cpp */,
				B579CB531BDC3AE40003210B /* testUserGraph.cpp */,
				B579CB561BDC3B3B0003210B /* testKVector.cpp */,
				B51AA95B1BDDA2B00048606A /* testInfection.cpp */,
			);
			path = Test;
			sourceTree = "<group>";
		};
		B58B73071BDB226A00F2B4BE = {
			isa = PBXGroup;
			children = (
				B58B73121BDB226A00F2B4BE /* Infection */,
				B579CB4D1BDC37F80003210B /* Test */,
				B58B73111BDB226A00F2B4BE /* Products */,
			);
			sourceTree = "<group>";
		};
		B58B73111BDB226A00F2B4BE /* Products */ = {
			isa = PBXGroup;
			children = (
				B58B73101BDB226A00F2B4BE /* Infection */,
				B579CB4C1BDC37F80003210B /* Test */,
			);
			name = Products;
			sourceTree = "<group>";
		};
		B58B73121BDB226A00F2B4BE /* Infection */ = {
			isa = PBXGroup;
			children = (
				B579CB441BDBF9BE0003210B /* Utils */,
				B58B73131BDB226A00F2B4BE /* main.cpp */,
				B58B731A1BDB228E00F2B4BE /* Infection.cpp */,
				B58B731B1BDB228E00F2B4BE /* Infection.hpp */,
				B579CB3F1BDB26210003210B /* UserGraph.cpp */,
				B579CB401BDB26210003210B /* UserGraph.hpp */,
			);
			path = Infection;
			sourceTree = "<group>";
		};
/* End PBXGroup section */

/* Begin PBXNativeTarget section */
		B579CB4B1BDC37F80003210B /* Test */ = {
			isa = PBXNativeTarget;
			buildConfigurationList = B579CB501BDC37F80003210B /* Build configuration list for PBXNativeTarget "Test" */;
			buildPhases = (
				B579CB481BDC37F80003210B /* Sources */,
				B579CB491BDC37F80003210B /* Frameworks */,
				B579CB4A1BDC37F80003210B /* CopyFiles */,
			);
			buildRules = (
			);
			dependencies = (
				B579CB591BDC40E10003210B /* PBXTargetDependency */,
			);
			name = Test;
			productName = Test;
			productReference = B579CB4C1BDC37F80003210B /* Test */;
			productType = "com.apple.product-type.tool";
		};
		B58B730F1BDB226A00F2B4BE /* Infection */ = {
			isa = PBXNativeTarget;
			buildConfigurationList = B58B73171BDB226A00F2B4BE /* Build configuration list for PBXNativeTarget "Infection" */;
			buildPhases = (
				B58B730C1BDB226A00F2B4BE /* Sources */,
				B58B730D1BDB226A00F2B4BE /* Frameworks */,
				B58B730E1BDB226A00F2B4BE /* CopyFiles */,
			);
			buildRules = (
			);
			dependencies = (
			);
			name = Infection;
			productName = Infection;
			productReference = B58B73101BDB226A00F2B4BE /* Infection */;
			productType = "com.apple.product-type.tool";
		};
/* End PBXNativeTarget section */

/* Begin PBXProject section */
		B58B73081BDB226A00F2B4BE /* Project object */ = {
			isa = PBXProject;
			attributes = {
				LastUpgradeCheck = 0700;
				ORGANIZATIONNAME = TAC;
				TargetAttributes = {
					B579CB4B1BDC37F80003210B = {
						CreatedOnToolsVersion = 7.0.1;
					};
					B58B730F1BDB226A00F2B4BE = {
						CreatedOnToolsVersion = 7.0.1;
					};
				};
			};
			buildConfigurationList = B58B730B1BDB226A00F2B4BE /* Build configuration list for PBXProject "Infection" */;
			compatibilityVersion = "Xcode 3.2";
			developmentRegion = English;
			hasScannedForEncodings = 0;
			knownRegions = (
				en,
			);
			mainGroup = B58B73071BDB226A00F2B4BE;
			productRefGroup = B58B73111BDB226A00F2B4BE /* Products */;
			projectDirPath = "";
			projectRoot = "";
			targets = (
				B58B730F1BDB226A00F2B4BE /* Infection */,
				B579CB4B1BDC37F80003210B /* Test */,
			);
		};
/* End PBXProject section */

/* Begin PBXSourcesBuildPhase section */
		B579CB481BDC37F80003210B /* Sources */ = {
			isa = PBXSourcesBuildPhase;
			buildActionMask = 2147483647;
			files = (
				B516F3251BDD880D00A3BD42 /* UserGraph.cpp in Sources */,
				B579CB571BDC3B3B0003210B /* testKVector.cpp in Sources */,
				B579CB4F1BDC37F80003210B /* main.cpp in Sources */,
				B579CB541BDC3AE40003210B /* testUserGraph.cpp in Sources */,
				B51AA95C1BDDA2B00048606A /* testInfection.cpp in Sources */,
			);
			runOnlyForDeploymentPostprocessing = 0;
		};
		B58B730C1BDB226A00F2B4BE /* Sources */ = {
			isa = PBXSourcesBuildPhase;
			buildActionMask = 2147483647;
			files = (
				B58B73141BDB226A00F2B4BE /* main.cpp in Sources */,
				B58B731C1BDB228E00F2B4BE /* Infection.cpp in Sources */,
				B579CB411BDB26210003210B /* UserGraph.cpp in Sources */,
			);
			runOnlyForDeploymentPostprocessing = 0;
		};
/* End PBXSourcesBuildPhase section */

/* Begin PBXTargetDependency section */
		B579CB591BDC40E10003210B /* PBXTargetDependency */ = {
			isa = PBXTargetDependency;
			target = B58B730F1BDB226A00F2B4BE /* Infection */;
			targetProxy = B579CB581BDC40E10003210B /* PBXContainerItemProxy */;
		};
/* End PBXTargetDependency section */

/* Begin XCBuildConfiguration section */
		B579CB511BDC37F80003210B /* Debug */ = {
			isa = XCBuildConfiguration;
			buildSettings = {
				PRODUCT_NAME = "$(TARGET_NAME)";
			};
			name = Debug;
		};
		B579CB521BDC37F80003210B /* Release */ = {
			isa = XCBuildConfiguration;
			buildSettings = {
				PRODUCT_NAME = "$(TARGET_NAME)";
			};
			name = Release;
		};
		B58B73151BDB226A00F2B4BE /* Debug */ = {
			isa = XCBuildConfiguration;
			buildSettings = {
				ALWAYS_SEARCH_USER_PATHS = NO;
				CLANG_CXX_LANGUAGE_STANDARD = "gnu++0x";
				CLANG_CXX_LIBRARY = "libc++";
				CLANG_ENABLE_MODULES = YES;
				CLANG_ENABLE_OBJC_ARC = YES;
				CLANG_WARN_BOOL_CONVERSION = YES;
				CLANG_WARN_CONSTANT_CONVERSION = YES;
				CLANG_WARN_DIRECT_OBJC_ISA_USAGE = YES_ERROR;
				CLANG_WARN_EMPTY_BODY = YES;
				CLANG_WARN_ENUM_CONVERSION = YES;
				CLANG_WARN_INT_CONVERSION = YES;
				CLANG_WARN_OBJC_ROOT_CLASS = YES_ERROR;
				CLANG_WARN_UNREACHABLE_CODE = YES;
				CLANG_WARN__DUPLICATE_METHOD_MATCH = YES;
				COPY_PHASE_STRIP = NO;
				DEBUG_INFORMATION_FORMAT = dwarf;
				ENABLE_STRICT_OBJC_MSGSEND = YES;
				ENABLE_TESTABILITY = YES;
				GCC_C_LANGUAGE_STANDARD = gnu99;
				GCC_DYNAMIC_NO_PIC = NO;
				GCC_NO_COMMON_BLOCKS = YES;
				GCC_OPTIMIZATION_LEVEL = 0;
				GCC_PREPROCESSOR_DEFINITIONS = (
					"DEBUG=1",
					"$(inherited)",
				);
				GCC_WARN_64_TO_32_BIT_CONVERSION = YES;
				GCC_WARN_ABOUT_RETURN_TYPE = YES_ERROR;
				GCC_WARN_UNDECLARED_SELECTOR = YES;
				GCC_WARN_UNINITIALIZED_AUTOS = YES_AGGRESSIVE;
				GCC_WARN_UNUSED_FUNCTION = YES;
				GCC_WARN_UNUSED_VARIABLE = YES;
				MACOSX_DEPLOYMENT_TARGET = 10.11;
				MTL_ENABLE_DEBUG_INFO = YES;
				ONLY_ACTIVE_ARCH = YES;
				SDKROOT = macosx;
			};
			name = Debug;
		};
		B58B73161BDB226A00F2B4BE /* Release */ = {
			isa = XCBuildConfiguration;
			buildSettings = {
				ALWAYS_SEARCH_USER_PATHS = NO;
				CLANG_CXX_LANGUAGE_STANDARD = "gnu++0x";
				CLANG_CXX_LIBRARY = "libc++";
				CLANG_ENABLE_MODULES = YES;
				CLANG_ENABLE_OBJC_ARC = YES;
				CLANG_WARN_BOOL_CONVERSION = YES;
				CLANG_WARN_CONSTANT_CONVERSION = YES;
				CLANG_WARN_DIRECT_OBJC_ISA_USAGE = YES_ERROR;
				CLANG_WARN_EMPTY_BODY = YES;
				CLANG_WARN_ENUM_CONVERSION = YES;
				CLANG_WARN_INT_CONVERSION = YES;
				CLANG_WARN_OBJC_ROOT_CLASS = YES_ERROR;
				CLANG_WARN_UNREACHABLE_CODE = YES;
				CLANG_WARN__DUPLICATE_METHOD_MATCH = YES;
				COPY_PHASE_STRIP = NO;
				DEBUG_INFORMATION_FORMAT = "dwarf-with-dsym";
				ENABLE_NS_ASSERTIONS = NO;
				ENABLE_STRICT_OBJC_MSGSEND = YES;
				GCC_C_LANGUAGE_STANDARD = gnu99;
				GCC_NO_COMMON_BLOCKS = YES;
				GCC_WARN_64_TO_32_BIT_CONVERSION = YES;
				GCC_WARN_ABOUT_RETURN_TYPE = YES_ERROR;
				GCC_WARN_UNDECLARED_SELECTOR = YES;
				GCC_WARN_UNINITIALIZED_AUTOS = YES_AGGRESSIVE;
				GCC_WARN_UNUSED_FUNCTION = YES;
				GCC_WARN_UNUSED_VARIABLE = YES;
				MACOSX_DEPLOYMENT_TARGET = 10.11;
				MTL_ENABLE_DEBUG_INFO = NO;
				SDKROOT = macosx;
			};
			name = Release;
		};
		B58B73181BDB226A00F2B4BE /* Debug */ = {
			isa = XCBuildConfiguration;
			buildSettings = {
				PRODUCT_NAME = "$(TARGET_NAME)";
			};
			name = Debug;
		};
		B58B73191BDB226A00F2B4BE /* Release */ = {
			isa = XCBuildConfiguration;
			buildSettings = {
				PRODUCT_NAME = "$(TARGET_NAME)";
			};
			name = Release;
		};
/* End XCBuildConfiguration section */

/* Begin XCConfigurationList section */
		B579CB501BDC37F80003210B /* Build configuration list for PBXNativeTarget "Test" */ = {
			isa = XCConfigurationList;
			buildConfigurations = (
				B579CB511BDC37F80003210B /* Debug */,
				B579CB521BDC37F80003210B /* Release */,
			);
			defaultConfigurationIsVisible = 0;
			defaultConfigurationName = Release;
		};
		B58B730B1BDB226A00F2B4BE /* Build configuration list for PBXProject "Infection" */ = {
			isa = XCConfigurationList;
			buildConfigurations = (
				B58B73151BDB226A00F2B4BE /* Debug */,
				B58B73161BDB226A00F2B4BE /* Release */,
			);
			defaultConfigurationIsVisible = 0;
			defaultConfigurationName = Release;
		};
		B58B73171BDB226A00F2B4BE /* Build configuration list for PBXNativeTarget "Infection" */ = {
			isa = XCConfigurationList;
			buildConfigurations = (
				B58B73181BDB226A00F2B4BE /* Debug */,
				B58B73191BDB226A00F2B4BE /* Release */,
			);
			defaultConfigurationIsVisible = 0;
			defaultConfigurationName = Release;
		};
/* End XCConfigurationList section */
	};
	rootObject = B58B73081BDB226A00F2B4BE /* Project object */;
}
